# @generated by Move, please check-in and do not edit manually.

[move]
version = 3
manifest_digest = "A1AD5C8622A97406BF5107BF46A6B4F00555A59781CA2AA3F21C3E3B54291E57"
deps_digest = "F8BBB0CCB2491CA29A3DF03D6F92277A4F3574266507ACD77214D37ECA3F3082"
dependencies = [
  { id = "Sui", name = "Sui" },
]

[[move.package]]
id = "MoveStdlib"
source = { git = "https://github.com/MystenLabs/sui.git", rev = "framework/testnet", subdir = "crates/sui-framework/packages/move-stdlib" }

[[move.package]]
id = "Sui"
source = { git = "https://github.com/MystenLabs/sui.git", rev = "framework/testnet", subdir = "crates/sui-framework/packages/sui-framework" }

dependencies = [
  { id = "MoveStdlib", name = "MoveStdlib" },
]

[move.toolchain-version]
compiler-version = "1.45.2"
edition = "legacy"
flavor = "sui"

[env]

[env.devnet]
chain-id = "f12dda03"
original-published-id = "0x1376dc3ecef5752ce0d1dfb1a29837e79f6d4d92256aa0b46ab26c05b3d72284"
latest-published-id = "0x1376dc3ecef5752ce0d1dfb1a29837e79f6d4d92256aa0b46ab26c05b3d72284"
published-version = "1"

[env.testnet]
chain-id = "4c78adac"
original-published-id = "0x54f9526ea4c1600737ee03fae000cbdbe508c30b2b5b8c286f4eda66a7bbbe22"
latest-published-id = "0x54f9526ea4c1600737ee03fae000cbdbe508c30b2b5b8c286f4eda66a7bbbe22"
published-version = "1"
